
Microsoft Visual Studio Solution File, Format Version 12.00
# Visual Studio Version 16
VisualStudioVersion = 16.0.31313.79
MinimumVisualStudioVersion = 10.0.40219.1
Project("{888888A0-9F3D-457C-B088-3A5042F75D52}") = "Craft", "Craft.pyproj", "{932EA77D-4C48-4E1F-B39C-AC9E43067AF5}"
EndProject
Global
	GlobalSection(SolutionConfigurationPlatforms) = preSolution
		Debug|Any CPU = Debug|Any CPU
		Release|Any CPU = Release|Any CPU
	EndGlobalSection
	GlobalSection(ProjectConfigurationPlatforms) = postSolution
		{932EA77D-4C48-4E1F-B39C-AC9E43067AF5}.Debug|Any CPU.ActiveCfg = Debug|Any CPU
		{932EA77D-4C48-4E1F-B39C-AC9E43067AF5}.Release|Any CPU.ActiveCfg = Release|Any CPU
	EndGlobalSection
	GlobalSection(SolutionProperties) = preSolution
		HideSolutionNode = FALSE
	EndGlobalSection
	GlobalSection(ExtensibilityGlobals) = postSolution
		SolutionGuid = {4506CF1A-EDB5-4C7A-926F-87ACF2BB2B91}
	EndGlobalSection
EndGlobal
